
Microsoft Visual Studio Solution File, Format Version 12.00
# Visual Studio Version 17
VisualStudioVersion = 17.12.35527.113 d17.12
MinimumVisualStudioVersion = 10.0.40219.1
Project("{FAE04EC0-301F-11D3-BF4B-00C04F79EFBC}") = "OrderProcessingApp", "OrderProcessingApp\OrderProcessingApp.csproj", "{7E33752D-9E8F-423A-94A3-6601AD45F8C5}"
EndProject
Project("{FAE04EC0-301F-11D3-BF4B-00C04F79EFBC}") = "OrderProcessingApp.Tests", "OrderProcessingApp.Tests\OrderProcessingApp.Tests.csproj", "{A02E180C-35CF-484C-BDB0-6F4CE596D5EF}"
EndProject
Global
	GlobalSection(SolutionConfigurationPlatforms) = preSolution
		Debug|Any CPU = Debug|Any CPU
		Release|Any CPU = Release|Any CPU
	EndGlobalSection
	GlobalSection(ProjectConfigurationPlatforms) = postSolution
		{7E33752D-9E8F-423A-94A3-6601AD45F8C5}.Debug|Any CPU.ActiveCfg = Debug|Any CPU
		{7E33752D-9E8F-423A-94A3-6601AD45F8C5}.Debug|Any CPU.Build.0 = Debug|Any CPU
		{7E33752D-9E8F-423A-94A3-6601AD45F8C5}.Release|Any CPU.ActiveCfg = Release|Any CPU
		{7E33752D-9E8F-423A-94A3-6601AD45F8C5}.Release|Any CPU.Build.0 = Release|Any CPU
		{A02E180C-35CF-484C-BDB0-6F4CE596D5EF}.Debug|Any CPU.ActiveCfg = Debug|Any CPU
		{A02E180C-35CF-484C-BDB0-6F4CE596D5EF}.Debug|Any CPU.Build.0 = Debug|Any CPU
		{A02E180C-35CF-484C-BDB0-6F4CE596D5EF}.Release|Any CPU.ActiveCfg = Release|Any CPU
		{A02E180C-35CF-484C-BDB0-6F4CE596D5EF}.Release|Any CPU.Build.0 = Release|Any CPU
	EndGlobalSection
	GlobalSection(SolutionProperties) = preSolution
		HideSolutionNode = FALSE
	EndGlobalSection
EndGlobal
